
Microsoft Visual Studio Solution File, Format Version 12.00
# Visual Studio Version 16
VisualStudioVersion = 16.0.30114.105
MinimumVisualStudioVersion = 10.0.40219.1
Project("{FAE04EC0-301F-11D3-BF4B-00C04F79EFBC}") = "UserCrud.Contracts", "UserCrud.Contracts\UserCrud.Contracts.csproj", "{D182B12D-3609-4888-B6B9-BC4AE71C88A5}"
EndProject
Project("{FAE04EC0-301F-11D3-BF4B-00C04F79EFBC}") = "UserCrud", "UserCrud\UserCrud.csproj", "{43336C4C-DD73-4873-B0A9-AF2203F69240}"
EndProject
Global
	GlobalSection(SolutionConfigurationPlatforms) = preSolution
		Debug|Any CPU = Debug|Any CPU
		Release|Any CPU = Release|Any CPU
	EndGlobalSection
	GlobalSection(SolutionProperties) = preSolution
		HideSolutionNode = FALSE
	EndGlobalSection
	GlobalSection(ProjectConfigurationPlatforms) = postSolution
		{D182B12D-3609-4888-B6B9-BC4AE71C88A5}.Debug|Any CPU.ActiveCfg = Debug|Any CPU
		{D182B12D-3609-4888-B6B9-BC4AE71C88A5}.Debug|Any CPU.Build.0 = Debug|Any CPU
		{D182B12D-3609-4888-B6B9-BC4AE71C88A5}.Release|Any CPU.ActiveCfg = Release|Any CPU
		{D182B12D-3609-4888-B6B9-BC4AE71C88A5}.Release|Any CPU.Build.0 = Release|Any CPU
		{43336C4C-DD73-4873-B0A9-AF2203F69240}.Debug|Any CPU.ActiveCfg = Debug|Any CPU
		{43336C4C-DD73-4873-B0A9-AF2203F69240}.Debug|Any CPU.Build.0 = Debug|Any CPU
		{43336C4C-DD73-4873-B0A9-AF2203F69240}.Release|Any CPU.ActiveCfg = Release|Any CPU
		{43336C4C-DD73-4873-B0A9-AF2203F69240}.Release|Any CPU.Build.0 = Release|Any CPU
	EndGlobalSection
EndGlobal
